
Microsoft Visual Studio Solution File, Format Version 12.00
# Visual Studio Version 17
VisualStudioVersion = 17.7.34003.232
MinimumVisualStudioVersion = 10.0.40219.1
Project("{FAE04EC0-301F-11D3-BF4B-00C04F79EFBC}") = "MyPortfolio", "MyPortfolio\MyPortfolio.csproj", "{1FE73D24-9589-4FE4-B8FC-1D4E050D42B1}"
EndProject
Global
	GlobalSection(SolutionConfigurationPlatforms) = preSolution
		Debug|Any CPU = Debug|Any CPU
		Release|Any CPU = Release|Any CPU
	EndGlobalSection
	GlobalSection(ProjectConfigurationPlatforms) = postSolution
		{1FE73D24-9589-4FE4-B8FC-1D4E050D42B1}.Debug|Any CPU.ActiveCfg = Debug|Any CPU
		{1FE73D24-9589-4FE4-B8FC-1D4E050D42B1}.Debug|Any CPU.Build.0 = Debug|Any CPU
		{1FE73D24-9589-4FE4-B8FC-1D4E050D42B1}.Release|Any CPU.ActiveCfg = Release|Any CPU
		{1FE73D24-9589-4FE4-B8FC-1D4E050D42B1}.Release|Any CPU.Build.0 = Release|Any CPU
	EndGlobalSection
	GlobalSection(SolutionProperties) = preSolution
		HideSolutionNode = FALSE
	EndGlobalSection
	GlobalSection(ExtensibilityGlobals) = postSolution
		SolutionGuid = {4C58A763-950D-4246-A53B-C76AC3AE11C9}
	EndGlobalSection
EndGlobal
